// !$*UTF8*$!
{
	archiveVersion = 1;
	classes = {
	};
	objectVersion = 50;
	objects = {

/* Begin PBXBuildFile section */
		3243CAD626F1E46600B801E1 /* AppDelegate.swift in Sources */ = {isa = PBXBuildFile; fileRef = 3243CAD526F1E46600B801E1 /* AppDelegate.swift */; };
		3243CAD826F1E46600B801E1 /* SceneDelegate.swift in Sources */ = {isa = PBXBuildFile; fileRef = 3243CAD726F1E46600B801E1 /* SceneDelegate.swift */; };
		3243CADA26F1E46600B801E1 /* AuntsAndUnclesViewController.swift in Sources */ = {isa = PBXBuildFile; fileRef = 3243CAD926F1E46600B801E1 /* AuntsAndUnclesViewController.swift */; };
		3243CADD26F1E46600B801E1 /* Main.storyboard in Resources */ = {isa = PBXBuildFile; fileRef = 3243CADB26F1E46600B801E1 /* Main.storyboard */; };
		3243CADF26F1E46900B801E1 /* Assets.xcassets in Resources */ = {isa = PBXBuildFile; fileRef = 3243CADE26F1E46900B801E1 /* Assets.xcassets */; };
		3243CAE226F1E46900B801E1 /* LaunchScreen.storyboard in Resources */ = {isa = PBXBuildFile; fileRef = 3243CAE026F1E46900B801E1 /* LaunchScreen.storyboard */; };
		3243CAED26F1E46900B801E1 /* FamilyTreeTests.swift in Sources */ = {isa = PBXBuildFile; fileRef = 3243CAEC26F1E46900B801E1 /* FamilyTreeTests.swift */; };
		3243CAF826F1E46900B801E1 /* FamilyTreeUITests.swift in Sources */ = {isa = PBXBuildFile; fileRef = 3243CAF726F1E46900B801E1 /* FamilyTreeUITests.swift */; };
		32DBA01B26F30EED00577C2C /* Models.swift in Sources */ = {isa = PBXBuildFile; fileRef = 32DBA01A26F30EED00577C2C /* Models.swift */; };
		32F589A726F24C8E005C7831 /* ClickedNameViewController.swift in Sources */ = {isa = PBXBuildFile; fileRef = 32F589A626F24C8E005C7831 /* ClickedNameViewController.swift */; };
/* End PBXBuildFile section */

/* Begin PBXContainerItemProxy section */
		3243CAE926F1E46900B801E1 /* PBXContainerItemProxy */ = {
			isa = PBXContainerItemProxy;
			containerPortal = 3243CACA26F1E46600B801E1 /* Project object */;
			proxyType = 1;
			remoteGlobalIDString = 3243CAD126F1E46600B801E1;
			remoteInfo = FamilyTree;
		};
		3243CAF426F1E46900B801E1 /* PBXContainerItemProxy */ = {
			isa = PBXContainerItemProxy;
			containerPortal = 3243CACA26F1E46600B801E1 /* Project object */;
			proxyType = 1;
			remoteGlobalIDString = 3243CAD126F1E46600B801E1;
			remoteInfo = FamilyTree;
		};
/* End PBXContainerItemProxy section */

/* Begin PBXFileReference section */
		3243CAD226F1E46600B801E1 /* FamilyTree.app */ = {isa = PBXFileReference; explicitFileType = wrapper.application; includeInIndex = 0; path = FamilyTree.app; sourceTree = BUILT_PRODUCTS_DIR; };
		3243CAD526F1E46600B801E1 /* AppDelegate.swift */ = {isa = PBXFileReference; lastKnownFileType = sourcecode.swift; path = AppDelegate.swift; sourceTree = "<group>"; };
		3243CAD726F1E46600B801E1 /* SceneDelegate.swift */ = {isa = PBXFileReference; lastKnownFileType = sourcecode.swift; path = SceneDelegate.swift; sourceTree = "<group>"; };
		3243CAD926F1E46600B801E1 /* AuntsAndUnclesViewController.swift */ = {isa = PBXFileReference; lastKnownFileType = sourcecode.swift; path = AuntsAndUnclesViewController.swift; sourceTree = "<group>"; };
		3243CADC26F1E46600B801E1 /* Base */ = {isa = PBXFileReference; lastKnownFileType = file.storyboard; name = Base; path = Base.lproj/Main.storyboard; sourceTree = "<group>"; };
		3243CADE26F1E46900B801E1 /* Assets.xcassets */ = {isa = PBXFileReference; lastKnownFileType = folder.assetcatalog; path = Assets.xcassets; sourceTree = "<group>"; };
		3243CAE126F1E46900B801E1 /* Base */ = {isa = PBXFileReference; lastKnownFileType = file.storyboard; name = Base; path = Base.lproj/LaunchScreen.storyboard; sourceTree = "<group>"; };
		3243CAE326F1E46900B801E1 /* Info.plist */ = {isa = PBXFileReference; lastKnownFileType = text.plist.xml; path = Info.plist; sourceTree = "<group>"; };
		3243CAE826F1E46900B801E1 /* FamilyTreeTests.xctest */ = {isa = PBXFileReference; explicitFileType = wrapper.cfbundle; includeInIndex = 0; path = FamilyTreeTests.xctest; sourceTree = BUILT_PRODUCTS_DIR; };
		3243CAEC26F1E46900B801E1 /* FamilyTreeTests.swift */ = {isa = PBXFileReference; lastKnownFileType = sourcecode.swift; path = FamilyTreeTests.swift; sourceTree = "<group>"; };
		3243CAEE26F1E46900B801E1 /* Info.plist */ = {isa = PBXFileReference; lastKnownFileType = text.plist.xml; path = Info.plist; sourceTree = "<group>"; };
		3243CAF326F1E46900B801E1 /* FamilyTreeUITests.xctest */ = {isa = PBXFileReference; explicitFileType = wrapper.cfbundle; includeInIndex = 0; path = FamilyTreeUITests.xctest; sourceTree = BUILT_PRODUCTS_DIR; };
		3243CAF726F1E46900B801E1 /* FamilyTreeUITests.swift */ = {isa = PBXFileReference; lastKnownFileType = sourcecode.swift; path = FamilyTreeUITests.swift; sourceTree = "<group>"; };
		3243CAF926F1E46900B801E1 /* Info.plist */ = {isa = PBXFileReference; lastKnownFileType = text.plist.xml; path = Info.plist; sourceTree = "<group>"; };
		32DBA01A26F30EED00577C2C /* Models.swift */ = {isa = PBXFileReference; lastKnownFileType = sourcecode.swift; path = Models.swift; sourceTree = "<group>"; };
		32F589A626F24C8E005C7831 /* ClickedNameViewController.swift */ = {isa = PBXFileReference; lastKnownFileType = sourcecode.swift; path = ClickedNameViewController.swift; sourceTree = "<group>"; };
/* End PBXFileReference section */

/* Begin PBXFrameworksBuildPhase section */
		3243CACF26F1E46600B801E1 /* Frameworks */ = {
			isa = PBXFrameworksBuildPhase;
			buildActionMask = 2147483647;
			files = (
			);
			runOnlyForDeploymentPostprocessing = 0;
		};
		3243CAE526F1E46900B801E1 /* Frameworks */ = {
			isa = PBXFrameworksBuildPhase;
			buildActionMask = 2147483647;
			files = (
			);
			runOnlyForDeploymentPostprocessing = 0;
		};
		3243CAF026F1E46900B801E1 /* Frameworks */ = {
			isa = PBXFrameworksBuildPhase;
			buildActionMask = 2147483647;
			files = (
			);
			runOnlyForDeploymentPostprocessing = 0;
		};
/* End PBXFrameworksBuildPhase section */

/* Begin PBXGroup section */
		3243CAC926F1E46600B801E1 = {
			isa = PBXGroup;
			children = (
				3243CAD426F1E46600B801E1 /* FamilyTree */,
				3243CAEB26F1E46900B801E1 /* FamilyTreeTests */,
				3243CAF626F1E46900B801E1 /* FamilyTreeUITests */,
				3243CAD326F1E46600B801E1 /* Products */,
			);
			sourceTree = "<group>";
		};
		3243CAD326F1E46600B801E1 /* Products */ = {
			isa = PBXGroup;
			children = (
				3243CAD226F1E46600B801E1 /* FamilyTree.app */,
				3243CAE826F1E46900B801E1 /* FamilyTreeTests.xctest */,
				3243CAF326F1E46900B801E1 /* FamilyTreeUITests.xctest */,
			);
			name = Products;
			sourceTree = "<group>";
		};
		3243CAD426F1E46600B801E1 /* FamilyTree */ = {
			isa = PBXGroup;
			children = (
				32DBA00E26F30EAB00577C2C /* Models */,
				32DBA00D26F30E8200577C2C /* Controllers */,
				32DBA00C26F30E4700577C2C /* Storyboards */,
				32DBA00B26F30E3A00577C2C /* Delegates */,
				3243CADE26F1E46900B801E1 /* Assets.xcassets */,
				3243CAE326F1E46900B801E1 /* Info.plist */,
			);
			path = FamilyTree;
			sourceTree = "<group>";
		};
		3243CAEB26F1E46900B801E1 /* FamilyTreeTests */ = {
			isa = PBXGroup;
			children = (
				3243CAEC26F1E46900B801E1 /* FamilyTreeTests.swift */,
				3243CAEE26F1E46900B801E1 /* Info.plist */,
			);
			path = FamilyTreeTests;
			sourceTree = "<group>";
		};
		3243CAF626F1E46900B801E1 /* FamilyTreeUITests */ = {
			isa = PBXGroup;
			children = (
				3243CAF726F1E46900B801E1 /* FamilyTreeUITests.swift */,
				3243CAF926F1E46900B801E1 /* Info.plist */,
			);
			path = FamilyTreeUITests;
			sourceTree = "<group>";
		};
		32DBA00B26F30E3A00577C2C /* Delegates */ = {
			isa = PBXGroup;
			children = (
				3243CAD526F1E46600B801E1 /* AppDelegate.swift */,
				3243CAD726F1E46600B801E1 /* SceneDelegate.swift */,
			);
			path = Delegates;
			sourceTree = "<group>";
		};
		32DBA00C26F30E4700577C2C /* Storyboards */ = {
			isa = PBXGroup;
			children = (
				3243CADB26F1E46600B801E1 /* Main.storyboard */,
				3243CAE026F1E46900B801E1 /* LaunchScreen.storyboard */,
			);
			path = Storyboards;
			sourceTree = "<group>";
		};
		32DBA00D26F30E8200577C2C /* Controllers */ = {
			isa = PBXGroup;
			children = (
				32F589A626F24C8E005C7831 /* ClickedNameViewController.swift */,
				3243CAD926F1E46600B801E1 /* AuntsAndUnclesViewController.swift */,
			);
			path = Controllers;
			sourceTree = "<group>";
		};
		32DBA00E26F30EAB00577C2C /* Models */ = {
			isa = PBXGroup;
			children = (
				32DBA01A26F30EED00577C2C /* Models.swift */,
			);
			path = Models;
			sourceTree = "<group>";
		};
/* End PBXGroup section */

/* Begin PBXNativeTarget section */
		3243CAD126F1E46600B801E1 /* FamilyTree */ = {
			isa = PBXNativeTarget;
			buildConfigurationList = 3243CAFC26F1E46900B801E1 /* Build configuration list for PBXNativeTarget "FamilyTree" */;
			buildPhases = (
				3243CACE26F1E46600B801E1 /* Sources */,
				3243CACF26F1E46600B801E1 /* Frameworks */,
				3243CAD026F1E46600B801E1 /* Resources */,
			);
			buildRules = (
			);
			dependencies = (
			);
			name = FamilyTree;
			productName = FamilyTree;
			productReference = 3243CAD226F1E46600B801E1 /* FamilyTree.app */;
			productType = "com.apple.product-type.application";
		};
		3243CAE726F1E46900B801E1 /* FamilyTreeTests */ = {
			isa = PBXNativeTarget;
			buildConfigurationList = 3243CAFF26F1E46900B801E1 /* Build configuration list for PBXNativeTarget "FamilyTreeTests" */;
			buildPhases = (
				3243CAE426F1E46900B801E1 /* Sources */,
				3243CAE526F1E46900B801E1 /* Frameworks */,
				3243CAE626F1E46900B801E1 /* Resources */,
			);
			buildRules = (
			);
			dependencies = (
				3243CAEA26F1E46900B801E1 /* PBXTargetDependency */,
			);
			name = FamilyTreeTests;
			productName = FamilyTreeTests;
			productReference = 3243CAE826F1E46900B801E1 /* FamilyTreeTests.xctest */;
			productType = "com.apple.product-type.bundle.unit-test";
		};
		3243CAF226F1E46900B801E1 /* FamilyTreeUITests */ = {
			isa = PBXNativeTarget;
			buildConfigurationList = 3243CB0226F1E46900B801E1 /* Build configuration list for PBXNativeTarget "FamilyTreeUITests" */;
			buildPhases = (
				3243CAEF26F1E46900B801E1 /* Sources */,
				3243CAF026F1E46900B801E1 /* Frameworks */,
				3243CAF126F1E46900B801E1 /* Resources */,
			);
			buildRules = (
			);
			dependencies = (
				3243CAF526F1E46900B801E1 /* PBXTargetDependency */,
			);
			name = FamilyTreeUITests;
			productName = FamilyTreeUITests;
			productReference = 3243CAF326F1E46900B801E1 /* FamilyTreeUITests.xctest */;
			productType = "com.apple.product-type.bundle.ui-testing";
		};
/* End PBXNativeTarget section */

/* Begin PBXProject section */
		3243CACA26F1E46600B801E1 /* Project object */ = {
			isa = PBXProject;
			attributes = {
				LastSwiftUpdateCheck = 1240;
				LastUpgradeCheck = 1240;
				TargetAttributes = {
					3243CAD126F1E46600B801E1 = {
						CreatedOnToolsVersion = 12.4;
					};
					3243CAE726F1E46900B801E1 = {
						CreatedOnToolsVersion = 12.4;
						TestTargetID = 3243CAD126F1E46600B801E1;
					};
					3243CAF226F1E46900B801E1 = {
						CreatedOnToolsVersion = 12.4;
						TestTargetID = 3243CAD126F1E46600B801E1;
					};
				};
			};
			buildConfigurationList = 3243CACD26F1E46600B801E1 /* Build configuration list for PBXProject "FamilyTree" */;
			compatibilityVersion = "Xcode 9.3";
			developmentRegion = en;
			hasScannedForEncodings = 0;
			knownRegions = (
				en,
				Base,
			);
			mainGroup = 3243CAC926F1E46600B801E1;
			productRefGroup = 3243CAD326F1E46600B801E1 /* Products */;
			projectDirPath = "";
			projectRoot = "";
			targets = (
				3243CAD126F1E46600B801E1 /* FamilyTree */,
				3243CAE726F1E46900B801E1 /* FamilyTreeTests */,
				3243CAF226F1E46900B801E1 /* FamilyTreeUITests */,
			);
		};
/* End PBXProject section */

/* Begin PBXResourcesBuildPhase section */
		3243CAD026F1E46600B801E1 /* Resources */ = {
			isa = PBXResourcesBuildPhase;
			buildActionMask = 2147483647;
			files = (
				3243CAE226F1E46900B801E1 /* LaunchScreen.storyboard in Resources */,
				3243CADF26F1E46900B801E1 /* Assets.xcassets in Resources */,
				3243CADD26F1E46600B801E1 /* Main.storyboard in Resources */,
			);
			runOnlyForDeploymentPostprocessing = 0;
		};
		3243CAE626F1E46900B801E1 /* Resources */ = {
			isa = PBXResourcesBuildPhase;
			buildActionMask = 2147483647;
			files = (
			);
			runOnlyForDeploymentPostprocessing = 0;
		};
		3243CAF126F1E46900B801E1 /* Resources */ = {
			isa = PBXResourcesBuildPhase;
			buildActionMask = 2147483647;
			files = (
			);
			runOnlyForDeploymentPostprocessing = 0;
		};
/* End PBXResourcesBuildPhase section */

/* Begin PBXSourcesBuildPhase section */
		3243CACE26F1E46600B801E1 /* Sources */ = {
			isa = PBXSourcesBuildPhase;
			buildActionMask = 2147483647;
			files = (
				3243CADA26F1E46600B801E1 /* AuntsAndUnclesViewController.swift in Sources */,
				32F589A726F24C8E005C7831 /* ClickedNameViewController.swift in Sources */,
				3243CAD626F1E46600B801E1 /* AppDelegate.swift in Sources */,
				3243CAD826F1E46600B801E1 /* SceneDelegate.swift in Sources */,
				32DBA01B26F30EED00577C2C /* Models.swift in Sources */,
			);
			runOnlyForDeploymentPostprocessing = 0;
		};
		3243CAE426F1E46900B801E1 /* Sources */ = {
			isa = PBXSourcesBuildPhase;
			buildActionMask = 2147483647;
			files = (
				3243CAED26F1E46900B801E1 /* FamilyTreeTests.swift in Sources */,
			);
			runOnlyForDeploymentPostprocessing = 0;
		};
		3243CAEF26F1E46900B801E1 /* Sources */ = {
			isa = PBXSourcesBuildPhase;
			buildActionMask = 2147483647;
			files = (
				3243CAF826F1E46900B801E1 /* FamilyTreeUITests.swift in Sources */,
			);
			runOnlyForDeploymentPostprocessing = 0;
		};
/* End PBXSourcesBuildPhase section */

/* Begin PBXTargetDependency section */
		3243CAEA26F1E46900B801E1 /* PBXTargetDependency */ = {
			isa = PBXTargetDependency;
			target = 3243CAD126F1E46600B801E1 /* FamilyTree */;
			targetProxy = 3243CAE926F1E46900B801E1 /* PBXContainerItemProxy */;
		};
		3243CAF526F1E46900B801E1 /* PBXTargetDependency */ = {
			isa = PBXTargetDependency;
			target = 3243CAD126F1E46600B801E1 /* FamilyTree */;
			targetProxy = 3243CAF426F1E46900B801E1 /* PBXContainerItemProxy */;
		};
/* End PBXTargetDependency section */

/* Begin PBXVariantGroup section */
		3243CADB26F1E46600B801E1 /* Main.storyboard */ = {
			isa = PBXVariantGroup;
			children = (
				3243CADC26F1E46600B801E1 /* Base */,
			);
			name = Main.storyboard;
			sourceTree = "<group>";
		};
		3243CAE026F1E46900B801E1 /* LaunchScreen.storyboard */ = {
			isa = PBXVariantGroup;
			children = (
				3243CAE126F1E46900B801E1 /* Base */,
			);
			name = LaunchScreen.storyboard;
			sourceTree = "<group>";
		};
/* End PBXVariantGroup section */

/* Begin XCBuildConfiguration section */
		3243CAFA26F1E46900B801E1 /* Debug */ = {
			isa = XCBuildConfiguration;
			buildSettings = {
				ALWAYS_SEARCH_USER_PATHS = NO;
				CLANG_ANALYZER_NONNULL = YES;
				CLANG_ANALYZER_NUMBER_OBJECT_CONVERSION = YES_AGGRESSIVE;
				CLANG_CXX_LANGUAGE_STANDARD = "gnu++14";
				CLANG_CXX_LIBRARY = "libc++";
				CLANG_ENABLE_MODULES = YES;
				CLANG_ENABLE_OBJC_ARC = YES;
				CLANG_ENABLE_OBJC_WEAK = YES;
				CLANG_WARN_BLOCK_CAPTURE_AUTORELEASING = YES;
				CLANG_WARN_BOOL_CONVERSION = YES;
				CLANG_WARN_COMMA = YES;
				CLANG_WARN_CONSTANT_CONVERSION = YES;
				CLANG_WARN_DEPRECATED_OBJC_IMPLEMENTATIONS = YES;
				CLANG_WARN_DIRECT_OBJC_ISA_USAGE = YES_ERROR;
				CLANG_WARN_DOCUMENTATION_COMMENTS = YES;
				CLANG_WARN_EMPTY_BODY = YES;
				CLANG_WARN_ENUM_CONVERSION = YES;
				CLANG_WARN_INFINITE_RECURSION = YES;
				CLANG_WARN_INT_CONVERSION = YES;
				CLANG_WARN_NON_LITERAL_NULL_CONVERSION = YES;
				CLANG_WARN_OBJC_IMPLICIT_RETAIN_SELF = YES;
				CLANG_WARN_OBJC_LITERAL_CONVERSION = YES;
				CLANG_WARN_OBJC_ROOT_CLASS = YES_ERROR;
				CLANG_WARN_QUOTED_INCLUDE_IN_FRAMEWORK_HEADER = YES;
				CLANG_WARN_RANGE_LOOP_ANALYSIS = YES;
				CLANG_WARN_STRICT_PROTOTYPES = YES;
				CLANG_WARN_SUSPICIOUS_MOVE = YES;
				CLANG_WARN_UNGUARDED_AVAILABILITY = YES_AGGRESSIVE;
				CLANG_WARN_UNREACHABLE_CODE = YES;
				CLANG_WARN__DUPLICATE_METHOD_MATCH = YES;
				COPY_PHASE_STRIP = NO;
				DEBUG_INFORMATION_FORMAT = dwarf;
				ENABLE_STRICT_OBJC_MSGSEND = YES;
				ENABLE_TESTABILITY = YES;
				GCC_C_LANGUAGE_STANDARD = gnu11;
				GCC_DYNAMIC_NO_PIC = NO;
				GCC_NO_COMMON_BLOCKS = YES;
				GCC_OPTIMIZATION_LEVEL = 0;
				GCC_PREPROCESSOR_DEFINITIONS = (
					"DEBUG=1",
					"$(inherited)",
				);
				GCC_WARN_64_TO_32_BIT_CONVERSION = YES;
				GCC_WARN_ABOUT_RETURN_TYPE = YES_ERROR;
				GCC_WARN_UNDECLARED_SELECTOR = YES;
				GCC_WARN_UNINITIALIZED_AUTOS = YES_AGGRESSIVE;
				GCC_WARN_UNUSED_FUNCTION = YES;
				GCC_WARN_UNUSED_VARIABLE = YES;
				IPHONEOS_DEPLOYMENT_TARGET = 14.4;
				MTL_ENABLE_DEBUG_INFO = INCLUDE_SOURCE;
				MTL_FAST_MATH = YES;
				ONLY_ACTIVE_ARCH = YES;
				SDKROOT = iphoneos;
				SWIFT_ACTIVE_COMPILATION_CONDITIONS = DEBUG;
				SWIFT_OPTIMIZATION_LEVEL = "-Onone";
			};
			name = Debug;
		};
		3243CAFB26F1E46900B801E1 /* Release */ = {
			isa = XCBuildConfiguration;
			buildSettings = {
				ALWAYS_SEARCH_USER_PATHS = NO;
				CLANG_ANALYZER_NONNULL = YES;
				CLANG_ANALYZER_NUMBER_OBJECT_CONVERSION = YES_AGGRESSIVE;
				CLANG_CXX_LANGUAGE_STANDARD = "gnu++14";
				CLANG_CXX_LIBRARY = "libc++";
				CLANG_ENABLE_MODULES = YES;
				CLANG_ENABLE_OBJC_ARC = YES;
				CLANG_ENABLE_OBJC_WEAK = YES;
				CLANG_WARN_BLOCK_CAPTURE_AUTORELEASING = YES;
				CLANG_WARN_BOOL_CONVERSION = YES;
				CLANG_WARN_COMMA = YES;
				CLANG_WARN_CONSTANT_CONVERSION = YES;
				CLANG_WARN_DEPRECATED_OBJC_IMPLEMENTATIONS = YES;
				CLANG_WARN_DIRECT_OBJC_ISA_USAGE = YES_ERROR;
				CLANG_WARN_DOCUMENTATION_COMMENTS = YES;
				CLANG_WARN_EMPTY_BODY = YES;
				CLANG_WARN_ENUM_CONVERSION = YES;
				CLANG_WARN_INFINITE_RECURSION = YES;
				CLANG_WARN_INT_CONVERSION = YES;
				CLANG_WARN_NON_LITERAL_NULL_CONVERSION = YES;
				CLANG_WARN_OBJC_IMPLICIT_RETAIN_SELF = YES;
				CLANG_WARN_OBJC_LITERAL_CONVERSION = YES;
				CLANG_WARN_OBJC_ROOT_CLASS = YES_ERROR;
				CLANG_WARN_QUOTED_INCLUDE_IN_FRAMEWORK_HEADER = YES;
				CLANG_WARN_RANGE_LOOP_ANALYSIS = YES;
				CLANG_WARN_STRICT_PROTOTYPES = YES;
				CLANG_WARN_SUSPICIOUS_MOVE = YES;
				CLANG_WARN_UNGUARDED_AVAILABILITY = YES_AGGRESSIVE;
				CLANG_WARN_UNREACHABLE_CODE = YES;
				CLANG_WARN__DUPLICATE_METHOD_MATCH = YES;
				COPY_PHASE_STRIP = NO;
				DEBUG_INFORMATION_FORMAT = "dwarf-with-dsym";
				ENABLE_NS_ASSERTIONS = NO;
				ENABLE_STRICT_OBJC_MSGSEND = YES;
				GCC_C_LANGUAGE_STANDARD = gnu11;
				GCC_NO_COMMON_BLOCKS = YES;
				GCC_WARN_64_TO_32_BIT_CONVERSION = YES;
				GCC_WARN_ABOUT_RETURN_TYPE = YES_ERROR;
				GCC_WARN_UNDECLARED_SELECTOR = YES;
				GCC_WARN_UNINITIALIZED_AUTOS = YES_AGGRESSIVE;
				GCC_WARN_UNUSED_FUNCTION = YES;
				GCC_WARN_UNUSED_VARIABLE = YES;
				IPHONEOS_DEPLOYMENT_TARGET = 14.4;
				MTL_ENABLE_DEBUG_INFO = NO;
				MTL_FAST_MATH = YES;
				SDKROOT = iphoneos;
				SWIFT_COMPILATION_MODE = wholemodule;
				SWIFT_OPTIMIZATION_LEVEL = "-O";
				VALIDATE_PRODUCT = YES;
			};
			name = Release;
		};
		3243CAFD26F1E46900B801E1 /* Debug */ = {
			isa = XCBuildConfiguration;
			buildSettings = {
				ASSETCATALOG_COMPILER_APPICON_NAME = AppIcon;
				ASSETCATALOG_COMPILER_GLOBAL_ACCENT_COLOR_NAME = AccentColor;
				CODE_SIGN_STYLE = Automatic;
				DEVELOPMENT_TEAM = 3DY97BVWHY;
				INFOPLIST_FILE = FamilyTree/Info.plist;
				LD_RUNPATH_SEARCH_PATHS = (
					"$(inherited)",
					"@executable_path/Frameworks",
				);
				PRODUCT_BUNDLE_IDENTIFIER = "Cubit-Solutions.FamilyTree";
				PRODUCT_NAME = "$(TARGET_NAME)";
				SWIFT_VERSION = 5.0;
				TARGETED_DEVICE_FAMILY = "1,2";
			};
			name = Debug;
		};
		3243CAFE26F1E46900B801E1 /* Release */ = {
			isa = XCBuildConfiguration;
			buildSettings = {
				ASSETCATALOG_COMPILER_APPICON_NAME = AppIcon;
				ASSETCATALOG_COMPILER_GLOBAL_ACCENT_COLOR_NAME = AccentColor;
				CODE_SIGN_STYLE = Automatic;
				DEVELOPMENT_TEAM = 3DY97BVWHY;
				INFOPLIST_FILE = FamilyTree/Info.plist;
				LD_RUNPATH_SEARCH_PATHS = (
					"$(inherited)",
					"@executable_path/Frameworks",
				);
				PRODUCT_BUNDLE_IDENTIFIER = "Cubit-Solutions.FamilyTree";
				PRODUCT_NAME = "$(TARGET_NAME)";
				SWIFT_VERSION = 5.0;
				TARGETED_DEVICE_FAMILY = "1,2";
			};
			name = Release;
		};
		3243CB0026F1E46900B801E1 /* Debug */ = {
			isa = XCBuildConfiguration;
			buildSettings = {
				ALWAYS_EMBED_SWIFT_STANDARD_LIBRARIES = YES;
				BUNDLE_LOADER = "$(TEST_HOST)";
				CODE_SIGN_STYLE = Automatic;
				DEVELOPMENT_TEAM = 3DY97BVWHY;
				INFOPLIST_FILE = FamilyTreeTests/Info.plist;
				IPHONEOS_DEPLOYMENT_TARGET = 14.4;
				LD_RUNPATH_SEARCH_PATHS = (
					"$(inherited)",
					"@executable_path/Frameworks",
					"@loader_path/Frameworks",
				);
				PRODUCT_BUNDLE_IDENTIFIER = "Cubit-Solutions.FamilyTreeTests";
				PRODUCT_NAME = "$(TARGET_NAME)";
				SWIFT_VERSION = 5.0;
				TARGETED_DEVICE_FAMILY = "1,2";
				TEST_HOST = "$(BUILT_PRODUCTS_DIR)/FamilyTree.app/FamilyTree";
			};
			name = Debug;
		};
		3243CB0126F1E46900B801E1 /* Release */ = {
			isa = XCBuildConfiguration;
			buildSettings = {
				ALWAYS_EMBED_SWIFT_STANDARD_LIBRARIES = YES;
				BUNDLE_LOADER = "$(TEST_HOST)";
				CODE_SIGN_STYLE = Automatic;
				DEVELOPMENT_TEAM = 3DY97BVWHY;
				INFOPLIST_FILE = FamilyTreeTests/Info.plist;
				IPHONEOS_DEPLOYMENT_TARGET = 14.4;
				LD_RUNPATH_SEARCH_PATHS = (
					"$(inherited)",
					"@executable_path/Frameworks",
					"@loader_path/Frameworks",
				);
				PRODUCT_BUNDLE_IDENTIFIER = "Cubit-Solutions.FamilyTreeTests";
				PRODUCT_NAME = "$(TARGET_NAME)";
				SWIFT_VERSION = 5.0;
				TARGETED_DEVICE_FAMILY = "1,2";
				TEST_HOST = "$(BUILT_PRODUCTS_DIR)/FamilyTree.app/FamilyTree";
			};
			name = Release;
		};
		3243CB0326F1E46900B801E1 /* Debug */ = {
			isa = XCBuildConfiguration;
			buildSettings = {
				ALWAYS_EMBED_SWIFT_STANDARD_LIBRARIES = YES;
				CODE_SIGN_STYLE = Automatic;
				DEVELOPMENT_TEAM = 3DY97BVWHY;
				INFOPLIST_FILE = FamilyTreeUITests/Info.plist;
				LD_RUNPATH_SEARCH_PATHS = (
					"$(inherited)",
					"@executable_path/Frameworks",
					"@loader_path/Frameworks",
				);
				PRODUCT_BUNDLE_IDENTIFIER = "Cubit-Solutions.FamilyTreeUITests";
				PRODUCT_NAME = "$(TARGET_NAME)";
				SWIFT_VERSION = 5.0;
				TARGETED_DEVICE_FAMILY = "1,2";
				TEST_TARGET_NAME = FamilyTree;
			};
			name = Debug;
		};
		3243CB0426F1E46900B801E1 /* Release */ = {
			isa = XCBuildConfiguration;
			buildSettings = {
				ALWAYS_EMBED_SWIFT_STANDARD_LIBRARIES = YES;
				CODE_SIGN_STYLE = Automatic;
				DEVELOPMENT_TEAM = 3DY97BVWHY;
				INFOPLIST_FILE = FamilyTreeUITests/Info.plist;
				LD_RUNPATH_SEARCH_PATHS = (
					"$(inherited)",
					"@executable_path/Frameworks",
					"@loader_path/Frameworks",
				);
				PRODUCT_BUNDLE_IDENTIFIER = "Cubit-Solutions.FamilyTreeUITests";
				PRODUCT_NAME = "$(TARGET_NAME)";
				SWIFT_VERSION = 5.0;
				TARGETED_DEVICE_FAMILY = "1,2";
				TEST_TARGET_NAME = FamilyTree;
			};
			name = Release;
		};
/* End XCBuildConfiguration section */

/* Begin XCConfigurationList section */
		3243CACD26F1E46600B801E1 /* Build configuration list for PBXProject "FamilyTree" */ = {
			isa = XCConfigurationList;
			buildConfigurations = (
				3243CAFA26F1E46900B801E1 /* Debug */,
				3243CAFB26F1E46900B801E1 /* Release */,
			);
			defaultConfigurationIsVisible = 0;
			defaultConfigurationName = Release;
		};
		3243CAFC26F1E46900B801E1 /* Build configuration list for PBXNativeTarget "FamilyTree" */ = {
			isa = XCConfigurationList;
			buildConfigurations = (
				3243CAFD26F1E46900B801E1 /* Debug */,
				3243CAFE26F1E46900B801E1 /* Release */,
			);
			defaultConfigurationIsVisible = 0;
			defaultConfigurationName = Release;
		};
		3243CAFF26F1E46900B801E1 /* Build configuration list for PBXNativeTarget "FamilyTreeTests" */ = {
			isa = XCConfigurationList;
			buildConfigurations = (
				3243CB0026F1E46900B801E1 /* Debug */,
				3243CB0126F1E46900B801E1 /* Release */,
			);
			defaultConfigurationIsVisible = 0;
			defaultConfigurationName = Release;
		};
		3243CB0226F1E46900B801E1 /* Build configuration list for PBXNativeTarget "FamilyTreeUITests" */ = {
			isa = XCConfigurationList;
			buildConfigurations = (
				3243CB0326F1E46900B801E1 /* Debug */,
				3243CB0426F1E46900B801E1 /* Release */,
			);
			defaultConfigurationIsVisible = 0;
			defaultConfigurationName = Release;
		};
/* End XCConfigurationList section */
	};
	rootObject = 3243CACA26F1E46600B801E1 /* Project object */;
}
